uuid: 7a790dda-9320-47fd-a573-c55d0dd9b422
langcode: en
status: true
dependencies:
  module:
    - news_centre
    - system
  theme:
    - bartik
id: news_block
theme: bartik
region: content
weight: 0
provider: null
plugin: news_block
settings:
  id: broken
  label: News
  provider: news_centre
  label_display: visible
visibility:
  request_path:
    id: request_path
    pages: '<front>'
    negate: false
    context_mapping: {  }
